
Microsoft Visual Studio Solution File, Format Version 12.00
Project("{FAE04EC0-301F-11D3-BF4B-00C04F79EFBC}") = "GameServer", "GameServer\GameServer.csproj", "{B4B3A74D-B79A-43B7-AA60-9E0D941FA799}"
EndProject
Project("{FAE04EC0-301F-11D3-BF4B-00C04F79EFBC}") = "Client", "Client\Client.csproj", "{F105A4E1-5667-472D-B971-4EC12701AB02}"
EndProject
Project("{FAE04EC0-301F-11D3-BF4B-00C04F79EFBC}") = "Model", "Model\Model.csproj", "{1C9F3C12-1233-477C-A7CB-9C21F15DC419}"
EndProject
Global
	GlobalSection(SolutionConfigurationPlatforms) = preSolution
		Debug|Any CPU = Debug|Any CPU
		Release|Any CPU = Release|Any CPU
	EndGlobalSection
	GlobalSection(ProjectConfigurationPlatforms) = postSolution
		{B4B3A74D-B79A-43B7-AA60-9E0D941FA799}.Debug|Any CPU.ActiveCfg = Debug|Any CPU
		{B4B3A74D-B79A-43B7-AA60-9E0D941FA799}.Debug|Any CPU.Build.0 = Debug|Any CPU
		{B4B3A74D-B79A-43B7-AA60-9E0D941FA799}.Release|Any CPU.ActiveCfg = Release|Any CPU
		{B4B3A74D-B79A-43B7-AA60-9E0D941FA799}.Release|Any CPU.Build.0 = Release|Any CPU
		{F105A4E1-5667-472D-B971-4EC12701AB02}.Debug|Any CPU.ActiveCfg = Debug|Any CPU
		{F105A4E1-5667-472D-B971-4EC12701AB02}.Debug|Any CPU.Build.0 = Debug|Any CPU
		{F105A4E1-5667-472D-B971-4EC12701AB02}.Release|Any CPU.ActiveCfg = Release|Any CPU
		{F105A4E1-5667-472D-B971-4EC12701AB02}.Release|Any CPU.Build.0 = Release|Any CPU
		{1C9F3C12-1233-477C-A7CB-9C21F15DC419}.Debug|Any CPU.ActiveCfg = Debug|Any CPU
		{1C9F3C12-1233-477C-A7CB-9C21F15DC419}.Debug|Any CPU.Build.0 = Debug|Any CPU
		{1C9F3C12-1233-477C-A7CB-9C21F15DC419}.Release|Any CPU.ActiveCfg = Release|Any CPU
		{1C9F3C12-1233-477C-A7CB-9C21F15DC419}.Release|Any CPU.Build.0 = Release|Any CPU
	EndGlobalSection
EndGlobal
